
Microsoft Visual Studio Solution File, Format Version 12.00
# Visual Studio Version 17
VisualStudioVersion = 17.6.33815.320
MinimumVisualStudioVersion = 10.0.40219.1
Project("{FAE04EC0-301F-11D3-BF4B-00C04F79EFBC}") = "RandomNumberGenerator", "RandomNumberGenerator.csproj", "{19140A50-2CA4-4292-B336-A36C2F16B29B}"
EndProject
Global
	GlobalSection(SolutionConfigurationPlatforms) = preSolution
		Debug|Any CPU = Debug|Any CPU
		Release|Any CPU = Release|Any CPU
	EndGlobalSection
	GlobalSection(ProjectConfigurationPlatforms) = postSolution
		{19140A50-2CA4-4292-B336-A36C2F16B29B}.Debug|Any CPU.ActiveCfg = Debug|Any CPU
		{19140A50-2CA4-4292-B336-A36C2F16B29B}.Debug|Any CPU.Build.0 = Debug|Any CPU
		{19140A50-2CA4-4292-B336-A36C2F16B29B}.Release|Any CPU.ActiveCfg = Release|Any CPU
		{19140A50-2CA4-4292-B336-A36C2F16B29B}.Release|Any CPU.Build.0 = Release|Any CPU
	EndGlobalSection
	GlobalSection(SolutionProperties) = preSolution
		HideSolutionNode = FALSE
	EndGlobalSection
	GlobalSection(ExtensibilityGlobals) = postSolution
		SolutionGuid = {C6C027A5-DAAD-4CD2-ADEF-62638FD87C5F}
	EndGlobalSection
EndGlobal
